// !$*UTF8*$!
{
	archiveVersion = 1;
	classes = {
	};
	objectVersion = 56;
	objects = {

/* Begin PBXBuildFile section */
		908E7430DBD77BBA965A4716 /* Pods_NaverMap_CustomMarker.framework in Frameworks */ = {isa = PBXBuildFile; fileRef = F336515DC9874C5CB3B3B30B /* Pods_NaverMap_CustomMarker.framework */; };
		B852551029EF56C70022087F /* AppDelegate.swift in Sources */ = {isa = PBXBuildFile; fileRef = B852550F29EF56C70022087F /* AppDelegate.swift */; };
		B852551229EF56C70022087F /* SceneDelegate.swift in Sources */ = {isa = PBXBuildFile; fileRef = B852551129EF56C70022087F /* SceneDelegate.swift */; };
		B852551929EF56C70022087F /* Assets.xcassets in Resources */ = {isa = PBXBuildFile; fileRef = B852551829EF56C70022087F /* Assets.xcassets */; };
		B852551C29EF56C70022087F /* LaunchScreen.storyboard in Resources */ = {isa = PBXBuildFile; fileRef = B852551A29EF56C70022087F /* LaunchScreen.storyboard */; };
		B852552429EF56F80022087F /* MainViewController.swift in Sources */ = {isa = PBXBuildFile; fileRef = B852552329EF56F80022087F /* MainViewController.swift */; };
		B852552629EF58C50022087F /* AppConfigure.swift in Sources */ = {isa = PBXBuildFile; fileRef = B852552529EF58C50022087F /* AppConfigure.swift */; };
		B852552929EF5AC80022087F /* MainViewModel.swift in Sources */ = {isa = PBXBuildFile; fileRef = B852552829EF5AC80022087F /* MainViewModel.swift */; };
		B852552C29EF676E0022087F /* Marker.swift in Sources */ = {isa = PBXBuildFile; fileRef = B852552B29EF676E0022087F /* Marker.swift */; };
		B852552F29EF67940022087F /* HumanMarkerView.swift in Sources */ = {isa = PBXBuildFile; fileRef = B852552E29EF67940022087F /* HumanMarkerView.swift */; };
		B852553129EF679E0022087F /* InformationMarkerView.swift in Sources */ = {isa = PBXBuildFile; fileRef = B852553029EF679E0022087F /* InformationMarkerView.swift */; };
		B852553329EF69E00022087F /* UIView+extension.swift in Sources */ = {isa = PBXBuildFile; fileRef = B852553229EF69E00022087F /* UIView+extension.swift */; };
/* End PBXBuildFile section */

/* Begin PBXFileReference section */
		75551C7C88E41069F25D51CB /* Pods-NaverMap_CustomMarker.debug.xcconfig */ = {isa = PBXFileReference; includeInIndex = 1; lastKnownFileType = text.xcconfig; name = "Pods-NaverMap_CustomMarker.debug.xcconfig"; path = "Target Support Files/Pods-NaverMap_CustomMarker/Pods-NaverMap_CustomMarker.debug.xcconfig"; sourceTree = "<group>"; };
		B852550C29EF56C70022087F /* NaverMap_CustomMarker.app */ = {isa = PBXFileReference; explicitFileType = wrapper.application; includeInIndex = 0; path = NaverMap_CustomMarker.app; sourceTree = BUILT_PRODUCTS_DIR; };
		B852550F29EF56C70022087F /* AppDelegate.swift */ = {isa = PBXFileReference; lastKnownFileType = sourcecode.swift; path = AppDelegate.swift; sourceTree = "<group>"; };
		B852551129EF56C70022087F /* SceneDelegate.swift */ = {isa = PBXFileReference; lastKnownFileType = sourcecode.swift; path = SceneDelegate.swift; sourceTree = "<group>"; };
		B852551829EF56C70022087F /* Assets.xcassets */ = {isa = PBXFileReference; lastKnownFileType = folder.assetcatalog; path = Assets.xcassets; sourceTree = "<group>"; };
		B852551B29EF56C70022087F /* Base */ = {isa = PBXFileReference; lastKnownFileType = file.storyboard; name = Base; path = Base.lproj/LaunchScreen.storyboard; sourceTree = "<group>"; };
		B852551D29EF56C70022087F /* Info.plist */ = {isa = PBXFileReference; lastKnownFileType = text.plist.xml; path = Info.plist; sourceTree = "<group>"; };
		B852552329EF56F80022087F /* MainViewController.swift */ = {isa = PBXFileReference; lastKnownFileType = sourcecode.swift; path = MainViewController.swift; sourceTree = "<group>"; };
		B852552529EF58C50022087F /* AppConfigure.swift */ = {isa = PBXFileReference; lastKnownFileType = sourcecode.swift; path = AppConfigure.swift; sourceTree = "<group>"; };
		B852552829EF5AC80022087F /* MainViewModel.swift */ = {isa = PBXFileReference; lastKnownFileType = sourcecode.swift; path = MainViewModel.swift; sourceTree = "<group>"; };
		B852552B29EF676E0022087F /* Marker.swift */ = {isa = PBXFileReference; lastKnownFileType = sourcecode.swift; path = Marker.swift; sourceTree = "<group>"; };
		B852552E29EF67940022087F /* HumanMarkerView.swift */ = {isa = PBXFileReference; lastKnownFileType = sourcecode.swift; path = HumanMarkerView.swift; sourceTree = "<group>"; };
		B852553029EF679E0022087F /* InformationMarkerView.swift */ = {isa = PBXFileReference; lastKnownFileType = sourcecode.swift; path = InformationMarkerView.swift; sourceTree = "<group>"; };
		B852553229EF69E00022087F /* UIView+extension.swift */ = {isa = PBXFileReference; lastKnownFileType = sourcecode.swift; path = "UIView+extension.swift"; sourceTree = "<group>"; };
		DE17ED24E8800DBCFCF24328 /* Pods-NaverMap_CustomMarker.release.xcconfig */ = {isa = PBXFileReference; includeInIndex = 1; lastKnownFileType = text.xcconfig; name = "Pods-NaverMap_CustomMarker.release.xcconfig"; path = "Target Support Files/Pods-NaverMap_CustomMarker/Pods-NaverMap_CustomMarker.release.xcconfig"; sourceTree = "<group>"; };
		F336515DC9874C5CB3B3B30B /* Pods_NaverMap_CustomMarker.framework */ = {isa = PBXFileReference; explicitFileType = wrapper.framework; includeInIndex = 0; path = Pods_NaverMap_CustomMarker.framework; sourceTree = BUILT_PRODUCTS_DIR; };
/* End PBXFileReference section */

/* Begin PBXFrameworksBuildPhase section */
		B852550929EF56C70022087F /* Frameworks */ = {
			isa = PBXFrameworksBuildPhase;
			buildActionMask = 2147483647;
			files = (
				908E7430DBD77BBA965A4716 /* Pods_NaverMap_CustomMarker.framework in Frameworks */,
			);
			runOnlyForDeploymentPostprocessing = 0;
		};
/* End PBXFrameworksBuildPhase section */

/* Begin PBXGroup section */
		2675DD6257EE83115824F54D /* Pods */ = {
			isa = PBXGroup;
			children = (
				75551C7C88E41069F25D51CB /* Pods-NaverMap_CustomMarker.debug.xcconfig */,
				DE17ED24E8800DBCFCF24328 /* Pods-NaverMap_CustomMarker.release.xcconfig */,
			);
			path = Pods;
			sourceTree = "<group>";
		};
		B852550329EF56C70022087F = {
			isa = PBXGroup;
			children = (
				B852550E29EF56C70022087F /* NaverMap_CustomMarker */,
				B852550D29EF56C70022087F /* Products */,
				2675DD6257EE83115824F54D /* Pods */,
				D196618F421A7DDDD50FB6A6 /* Frameworks */,
			);
			sourceTree = "<group>";
		};
		B852550D29EF56C70022087F /* Products */ = {
			isa = PBXGroup;
			children = (
				B852550C29EF56C70022087F /* NaverMap_CustomMarker.app */,
			);
			name = Products;
			sourceTree = "<group>";
		};
		B852550E29EF56C70022087F /* NaverMap_CustomMarker */ = {
			isa = PBXGroup;
			children = (
				B852552A29EF67570022087F /* Model */,
				B852552729EF5AB80022087F /* Main */,
				B852550F29EF56C70022087F /* AppDelegate.swift */,
				B852551129EF56C70022087F /* SceneDelegate.swift */,
				B852551829EF56C70022087F /* Assets.xcassets */,
				B852551A29EF56C70022087F /* LaunchScreen.storyboard */,
				B852551D29EF56C70022087F /* Info.plist */,
				B852552529EF58C50022087F /* AppConfigure.swift */,
				B852553229EF69E00022087F /* UIView+extension.swift */,
			);
			path = NaverMap_CustomMarker;
			sourceTree = "<group>";
		};
		B852552729EF5AB80022087F /* Main */ = {
			isa = PBXGroup;
			children = (
				B852552329EF56F80022087F /* MainViewController.swift */,
				B852552829EF5AC80022087F /* MainViewModel.swift */,
				B852552D29EF67840022087F /* Component */,
			);
			path = Main;
			sourceTree = "<group>";
		};
		B852552A29EF67570022087F /* Model */ = {
			isa = PBXGroup;
			children = (
				B852552B29EF676E0022087F /* Marker.swift */,
			);
			path = Model;
			sourceTree = "<group>";
		};
		B852552D29EF67840022087F /* Component */ = {
			isa = PBXGroup;
			children = (
				B852552E29EF67940022087F /* HumanMarkerView.swift */,
				B852553029EF679E0022087F /* InformationMarkerView.swift */,
			);
			path = Component;
			sourceTree = "<group>";
		};
		D196618F421A7DDDD50FB6A6 /* Frameworks */ = {
			isa = PBXGroup;
			children = (
				F336515DC9874C5CB3B3B30B /* Pods_NaverMap_CustomMarker.framework */,
			);
			name = Frameworks;
			sourceTree = "<group>";
		};
/* End PBXGroup section */

/* Begin PBXNativeTarget section */
		B852550B29EF56C70022087F /* NaverMap_CustomMarker */ = {
			isa = PBXNativeTarget;
			buildConfigurationList = B852552029EF56C70022087F /* Build configuration list for PBXNativeTarget "NaverMap_CustomMarker" */;
			buildPhases = (
				24D102CDC411E14A30C8E155 /* [CP] Check Pods Manifest.lock */,
				B852550829EF56C70022087F /* Sources */,
				B852550929EF56C70022087F /* Frameworks */,
				B852550A29EF56C70022087F /* Resources */,
				4F88E99BECD9043ED8F8E2CA /* [CP] Embed Pods Frameworks */,
			);
			buildRules = (
			);
			dependencies = (
			);
			name = NaverMap_CustomMarker;
			productName = NaverMap_CustomMarker;
			productReference = B852550C29EF56C70022087F /* NaverMap_CustomMarker.app */;
			productType = "com.apple.product-type.application";
		};
/* End PBXNativeTarget section */

/* Begin PBXProject section */
		B852550429EF56C70022087F /* Project object */ = {
			isa = PBXProject;
			attributes = {
				BuildIndependentTargetsInParallel = 1;
				LastSwiftUpdateCheck = 1420;
				LastUpgradeCheck = 1420;
				TargetAttributes = {
					B852550B29EF56C70022087F = {
						CreatedOnToolsVersion = 14.2;
					};
				};
			};
			buildConfigurationList = B852550729EF56C70022087F /* Build configuration list for PBXProject "NaverMap_CustomMarker" */;
			compatibilityVersion = "Xcode 14.0";
			developmentRegion = en;
			hasScannedForEncodings = 0;
			knownRegions = (
				en,
				Base,
			);
			mainGroup = B852550329EF56C70022087F;
			productRefGroup = B852550D29EF56C70022087F /* Products */;
			projectDirPath = "";
			projectRoot = "";
			targets = (
				B852550B29EF56C70022087F /* NaverMap_CustomMarker */,
			);
		};
/* End PBXProject section */

/* Begin PBXResourcesBuildPhase section */
		B852550A29EF56C70022087F /* Resources */ = {
			isa = PBXResourcesBuildPhase;
			buildActionMask = 2147483647;
			files = (
				B852551C29EF56C70022087F /* LaunchScreen.storyboard in Resources */,
				B852551929EF56C70022087F /* Assets.xcassets in Resources */,
			);
			runOnlyForDeploymentPostprocessing = 0;
		};
/* End PBXResourcesBuildPhase section */

/* Begin PBXShellScriptBuildPhase section */
		24D102CDC411E14A30C8E155 /* [CP] Check Pods Manifest.lock */ = {
			isa = PBXShellScriptBuildPhase;
			buildActionMask = 2147483647;
			files = (
			);
			inputFileListPaths = (
			);
			inputPaths = (
				"${PODS_PODFILE_DIR_PATH}/Podfile.lock",
				"${PODS_ROOT}/Manifest.lock",
			);
			name = "[CP] Check Pods Manifest.lock";
			outputFileListPaths = (
			);
			outputPaths = (
				"$(DERIVED_FILE_DIR)/Pods-NaverMap_CustomMarker-checkManifestLockResult.txt",
			);
			runOnlyForDeploymentPostprocessing = 0;
			shellPath = /bin/sh;
			shellScript = "diff \"${PODS_PODFILE_DIR_PATH}/Podfile.lock\" \"${PODS_ROOT}/Manifest.lock\" > /dev/null\nif [ $? != 0 ] ; then\n    # print error to STDERR\n    echo \"error: The sandbox is not in sync with the Podfile.lock. Run 'pod install' or update your CocoaPods installation.\" >&2\n    exit 1\nfi\n# This output is used by Xcode 'outputs' to avoid re-running this script phase.\necho \"SUCCESS\" > \"${SCRIPT_OUTPUT_FILE_0}\"\n";
			showEnvVarsInLog = 0;
		};
		4F88E99BECD9043ED8F8E2CA /* [CP] Embed Pods Frameworks */ = {
			isa = PBXShellScriptBuildPhase;
			buildActionMask = 2147483647;
			files = (
			);
			inputFileListPaths = (
				"${PODS_ROOT}/Target Support Files/Pods-NaverMap_CustomMarker/Pods-NaverMap_CustomMarker-frameworks-${CONFIGURATION}-input-files.xcfilelist",
			);
			name = "[CP] Embed Pods Frameworks";
			outputFileListPaths = (
				"${PODS_ROOT}/Target Support Files/Pods-NaverMap_CustomMarker/Pods-NaverMap_CustomMarker-frameworks-${CONFIGURATION}-output-files.xcfilelist",
			);
			runOnlyForDeploymentPostprocessing = 0;
			shellPath = /bin/sh;
			shellScript = "\"${PODS_ROOT}/Target Support Files/Pods-NaverMap_CustomMarker/Pods-NaverMap_CustomMarker-frameworks.sh\"\n";
			showEnvVarsInLog = 0;
		};
/* End PBXShellScriptBuildPhase section */

/* Begin PBXSourcesBuildPhase section */
		B852550829EF56C70022087F /* Sources */ = {
			isa = PBXSourcesBuildPhase;
			buildActionMask = 2147483647;
			files = (
				B852552929EF5AC80022087F /* MainViewModel.swift in Sources */,
				B852553129EF679E0022087F /* InformationMarkerView.swift in Sources */,
				B852552629EF58C50022087F /* AppConfigure.swift in Sources */,
				B852553329EF69E00022087F /* UIView+extension.swift in Sources */,
				B852552F29EF67940022087F /* HumanMarkerView.swift in Sources */,
				B852552429EF56F80022087F /* MainViewController.swift in Sources */,
				B852551029EF56C70022087F /* AppDelegate.swift in Sources */,
				B852551229EF56C70022087F /* SceneDelegate.swift in Sources */,
				B852552C29EF676E0022087F /* Marker.swift in Sources */,
			);
			runOnlyForDeploymentPostprocessing = 0;
		};
/* End PBXSourcesBuildPhase section */

/* Begin PBXVariantGroup section */
		B852551A29EF56C70022087F /* LaunchScreen.storyboard */ = {
			isa = PBXVariantGroup;
			children = (
				B852551B29EF56C70022087F /* Base */,
			);
			name = LaunchScreen.storyboard;
			sourceTree = "<group>";
		};
/* End PBXVariantGroup section */

/* Begin XCBuildConfiguration section */
		B852551E29EF56C70022087F /* Debug */ = {
			isa = XCBuildConfiguration;
			buildSettings = {
				ALWAYS_SEARCH_USER_PATHS = NO;
				CLANG_ANALYZER_NONNULL = YES;
				CLANG_ANALYZER_NUMBER_OBJECT_CONVERSION = YES_AGGRESSIVE;
				CLANG_CXX_LANGUAGE_STANDARD = "gnu++20";
				CLANG_ENABLE_MODULES = YES;
				CLANG_ENABLE_OBJC_ARC = YES;
				CLANG_ENABLE_OBJC_WEAK = YES;
				CLANG_WARN_BLOCK_CAPTURE_AUTORELEASING = YES;
				CLANG_WARN_BOOL_CONVERSION = YES;
				CLANG_WARN_COMMA = YES;
				CLANG_WARN_CONSTANT_CONVERSION = YES;
				CLANG_WARN_DEPRECATED_OBJC_IMPLEMENTATIONS = YES;
				CLANG_WARN_DIRECT_OBJC_ISA_USAGE = YES_ERROR;
				CLANG_WARN_DOCUMENTATION_COMMENTS = YES;
				CLANG_WARN_EMPTY_BODY = YES;
				CLANG_WARN_ENUM_CONVERSION = YES;
				CLANG_WARN_INFINITE_RECURSION = YES;
				CLANG_WARN_INT_CONVERSION = YES;
				CLANG_WARN_NON_LITERAL_NULL_CONVERSION = YES;
				CLANG_WARN_OBJC_IMPLICIT_RETAIN_SELF = YES;
				CLANG_WARN_OBJC_LITERAL_CONVERSION = YES;
				CLANG_WARN_OBJC_ROOT_CLASS = YES_ERROR;
				CLANG_WARN_QUOTED_INCLUDE_IN_FRAMEWORK_HEADER = YES;
				CLANG_WARN_RANGE_LOOP_ANALYSIS = YES;
				CLANG_WARN_STRICT_PROTOTYPES = YES;
				CLANG_WARN_SUSPICIOUS_MOVE = YES;
				CLANG_WARN_UNGUARDED_AVAILABILITY = YES_AGGRESSIVE;
				CLANG_WARN_UNREACHABLE_CODE = YES;
				CLANG_WARN__DUPLICATE_METHOD_MATCH = YES;
				COPY_PHASE_STRIP = NO;
				DEBUG_INFORMATION_FORMAT = dwarf;
				ENABLE_STRICT_OBJC_MSGSEND = YES;
				ENABLE_TESTABILITY = YES;
				GCC_C_LANGUAGE_STANDARD = gnu11;
				GCC_DYNAMIC_NO_PIC = NO;
				GCC_NO_COMMON_BLOCKS = YES;
				GCC_OPTIMIZATION_LEVEL = 0;
				GCC_PREPROCESSOR_DEFINITIONS = (
					"DEBUG=1",
					"$(inherited)",
				);
				GCC_WARN_64_TO_32_BIT_CONVERSION = YES;
				GCC_WARN_ABOUT_RETURN_TYPE = YES_ERROR;
				GCC_WARN_UNDECLARED_SELECTOR = YES;
				GCC_WARN_UNINITIALIZED_AUTOS = YES_AGGRESSIVE;
				GCC_WARN_UNUSED_FUNCTION = YES;
				GCC_WARN_UNUSED_VARIABLE = YES;
				IPHONEOS_DEPLOYMENT_TARGET = 16.2;
				MTL_ENABLE_DEBUG_INFO = INCLUDE_SOURCE;
				MTL_FAST_MATH = YES;
				ONLY_ACTIVE_ARCH = YES;
				SDKROOT = iphoneos;
				SWIFT_ACTIVE_COMPILATION_CONDITIONS = DEBUG;
				SWIFT_OPTIMIZATION_LEVEL = "-Onone";
			};
			name = Debug;
		};
		B852551F29EF56C70022087F /* Release */ = {
			isa = XCBuildConfiguration;
			buildSettings = {
				ALWAYS_SEARCH_USER_PATHS = NO;
				CLANG_ANALYZER_NONNULL = YES;
				CLANG_ANALYZER_NUMBER_OBJECT_CONVERSION = YES_AGGRESSIVE;
				CLANG_CXX_LANGUAGE_STANDARD = "gnu++20";
				CLANG_ENABLE_MODULES = YES;
				CLANG_ENABLE_OBJC_ARC = YES;
				CLANG_ENABLE_OBJC_WEAK = YES;
				CLANG_WARN_BLOCK_CAPTURE_AUTORELEASING = YES;
				CLANG_WARN_BOOL_CONVERSION = YES;
				CLANG_WARN_COMMA = YES;
				CLANG_WARN_CONSTANT_CONVERSION = YES;
				CLANG_WARN_DEPRECATED_OBJC_IMPLEMENTATIONS = YES;
				CLANG_WARN_DIRECT_OBJC_ISA_USAGE = YES_ERROR;
				CLANG_WARN_DOCUMENTATION_COMMENTS = YES;
				CLANG_WARN_EMPTY_BODY = YES;
				CLANG_WARN_ENUM_CONVERSION = YES;
				CLANG_WARN_INFINITE_RECURSION = YES;
				CLANG_WARN_INT_CONVERSION = YES;
				CLANG_WARN_NON_LITERAL_NULL_CONVERSION = YES;
				CLANG_WARN_OBJC_IMPLICIT_RETAIN_SELF = YES;
				CLANG_WARN_OBJC_LITERAL_CONVERSION = YES;
				CLANG_WARN_OBJC_ROOT_CLASS = YES_ERROR;
				CLANG_WARN_QUOTED_INCLUDE_IN_FRAMEWORK_HEADER = YES;
				CLANG_WARN_RANGE_LOOP_ANALYSIS = YES;
				CLANG_WARN_STRICT_PROTOTYPES = YES;
				CLANG_WARN_SUSPICIOUS_MOVE = YES;
				CLANG_WARN_UNGUARDED_AVAILABILITY = YES_AGGRESSIVE;
				CLANG_WARN_UNREACHABLE_CODE = YES;
				CLANG_WARN__DUPLICATE_METHOD_MATCH = YES;
				COPY_PHASE_STRIP = NO;
				DEBUG_INFORMATION_FORMAT = "dwarf-with-dsym";
				ENABLE_NS_ASSERTIONS = NO;
				ENABLE_STRICT_OBJC_MSGSEND = YES;
				GCC_C_LANGUAGE_STANDARD = gnu11;
				GCC_NO_COMMON_BLOCKS = YES;
				GCC_WARN_64_TO_32_BIT_CONVERSION = YES;
				GCC_WARN_ABOUT_RETURN_TYPE = YES_ERROR;
				GCC_WARN_UNDECLARED_SELECTOR = YES;
				GCC_WARN_UNINITIALIZED_AUTOS = YES_AGGRESSIVE;
				GCC_WARN_UNUSED_FUNCTION = YES;
				GCC_WARN_UNUSED_VARIABLE = YES;
				IPHONEOS_DEPLOYMENT_TARGET = 16.2;
				MTL_ENABLE_DEBUG_INFO = NO;
				MTL_FAST_MATH = YES;
				SDKROOT = iphoneos;
				SWIFT_COMPILATION_MODE = wholemodule;
				SWIFT_OPTIMIZATION_LEVEL = "-O";
				VALIDATE_PRODUCT = YES;
			};
			name = Release;
		};
		B852552129EF56C70022087F /* Debug */ = {
			isa = XCBuildConfiguration;
			baseConfigurationReference = 75551C7C88E41069F25D51CB /* Pods-NaverMap_CustomMarker.debug.xcconfig */;
			buildSettings = {
				ASSETCATALOG_COMPILER_APPICON_NAME = AppIcon;
				ASSETCATALOG_COMPILER_GLOBAL_ACCENT_COLOR_NAME = AccentColor;
				CODE_SIGN_STYLE = Automatic;
				CURRENT_PROJECT_VERSION = 1;
				DEVELOPMENT_TEAM = BXV27XC6DZ;
				GENERATE_INFOPLIST_FILE = YES;
				INFOPLIST_FILE = NaverMap_CustomMarker/Info.plist;
				INFOPLIST_KEY_UIApplicationSupportsIndirectInputEvents = YES;
				INFOPLIST_KEY_UILaunchStoryboardName = LaunchScreen;
				INFOPLIST_KEY_UISupportedInterfaceOrientations_iPad = "UIInterfaceOrientationPortrait UIInterfaceOrientationPortraitUpsideDown UIInterfaceOrientationLandscapeLeft UIInterfaceOrientationLandscapeRight";
				INFOPLIST_KEY_UISupportedInterfaceOrientations_iPhone = "UIInterfaceOrientationPortrait UIInterfaceOrientationLandscapeLeft UIInterfaceOrientationLandscapeRight";
				LD_RUNPATH_SEARCH_PATHS = (
					"$(inherited)",
					"@executable_path/Frameworks",
				);
				MARKETING_VERSION = 1.0;
				PRODUCT_BUNDLE_IDENTIFIER = "com.will-d.NaverMap-CustomMarker";
				PRODUCT_NAME = "$(TARGET_NAME)";
				SWIFT_EMIT_LOC_STRINGS = YES;
				SWIFT_VERSION = 5.0;
				TARGETED_DEVICE_FAMILY = "1,2";
			};
			name = Debug;
		};
		B852552229EF56C70022087F /* Release */ = {
			isa = XCBuildConfiguration;
			baseConfigurationReference = DE17ED24E8800DBCFCF24328 /* Pods-NaverMap_CustomMarker.release.xcconfig */;
			buildSettings = {
				ASSETCATALOG_COMPILER_APPICON_NAME = AppIcon;
				ASSETCATALOG_COMPILER_GLOBAL_ACCENT_COLOR_NAME = AccentColor;
				CODE_SIGN_STYLE = Automatic;
				CURRENT_PROJECT_VERSION = 1;
				DEVELOPMENT_TEAM = BXV27XC6DZ;
				GENERATE_INFOPLIST_FILE = YES;
				INFOPLIST_FILE = NaverMap_CustomMarker/Info.plist;
				INFOPLIST_KEY_UIApplicationSupportsIndirectInputEvents = YES;
				INFOPLIST_KEY_UILaunchStoryboardName = LaunchScreen;
				INFOPLIST_KEY_UISupportedInterfaceOrientations_iPad = "UIInterfaceOrientationPortrait UIInterfaceOrientationPortraitUpsideDown UIInterfaceOrientationLandscapeLeft UIInterfaceOrientationLandscapeRight";
				INFOPLIST_KEY_UISupportedInterfaceOrientations_iPhone = "UIInterfaceOrientationPortrait UIInterfaceOrientationLandscapeLeft UIInterfaceOrientationLandscapeRight";
				LD_RUNPATH_SEARCH_PATHS = (
					"$(inherited)",
					"@executable_path/Frameworks",
				);
				MARKETING_VERSION = 1.0;
				PRODUCT_BUNDLE_IDENTIFIER = "com.will-d.NaverMap-CustomMarker";
				PRODUCT_NAME = "$(TARGET_NAME)";
				SWIFT_EMIT_LOC_STRINGS = YES;
				SWIFT_VERSION = 5.0;
				TARGETED_DEVICE_FAMILY = "1,2";
			};
			name = Release;
		};
/* End XCBuildConfiguration section */

/* Begin XCConfigurationList section */
		B852550729EF56C70022087F /* Build configuration list for PBXProject "NaverMap_CustomMarker" */ = {
			isa = XCConfigurationList;
			buildConfigurations = (
				B852551E29EF56C70022087F /* Debug */,
				B852551F29EF56C70022087F /* Release */,
			);
			defaultConfigurationIsVisible = 0;
			defaultConfigurationName = Release;
		};
		B852552029EF56C70022087F /* Build configuration list for PBXNativeTarget "NaverMap_CustomMarker" */ = {
			isa = XCConfigurationList;
			buildConfigurations = (
				B852552129EF56C70022087F /* Debug */,
				B852552229EF56C70022087F /* Release */,
			);
			defaultConfigurationIsVisible = 0;
			defaultConfigurationName = Release;
		};
/* End XCConfigurationList section */
	};
	rootObject = B852550429EF56C70022087F /* Project object */;
}
